
Microsoft Visual Studio Solution File, Format Version 12.00
# Visual Studio Version 17
VisualStudioVersion = 17.3.32922.545
MinimumVisualStudioVersion = 10.0.40219.1
Project("{9A19103F-16F7-4668-BE54-9A1E7A4F7556}") = "UniWoxBack", "UniWoxBack\UniWoxBack.csproj", "{FD9631A2-5BC8-4FBA-AA9F-3346AFA8C6E7}"
EndProject
Project("{9A19103F-16F7-4668-BE54-9A1E7A4F7556}") = "Infrastructure", "Infrastructure\Infrastructure.csproj", "{93F09A15-919E-43B1-98EC-BEB7A4495CCD}"
EndProject
Project("{9A19103F-16F7-4668-BE54-9A1E7A4F7556}") = "Core", "Core\Core.csproj", "{8D9ED44F-332E-4706-AA48-2B0B12ECEA2F}"
EndProject
Global
	GlobalSection(SolutionConfigurationPlatforms) = preSolution
		Debug|Any CPU = Debug|Any CPU
		Release|Any CPU = Release|Any CPU
	EndGlobalSection
	GlobalSection(ProjectConfigurationPlatforms) = postSolution
		{FD9631A2-5BC8-4FBA-AA9F-3346AFA8C6E7}.Debug|Any CPU.ActiveCfg = Debug|Any CPU
		{FD9631A2-5BC8-4FBA-AA9F-3346AFA8C6E7}.Debug|Any CPU.Build.0 = Debug|Any CPU
		{FD9631A2-5BC8-4FBA-AA9F-3346AFA8C6E7}.Release|Any CPU.ActiveCfg = Release|Any CPU
		{FD9631A2-5BC8-4FBA-AA9F-3346AFA8C6E7}.Release|Any CPU.Build.0 = Release|Any CPU
		{93F09A15-919E-43B1-98EC-BEB7A4495CCD}.Debug|Any CPU.ActiveCfg = Debug|Any CPU
		{93F09A15-919E-43B1-98EC-BEB7A4495CCD}.Debug|Any CPU.Build.0 = Debug|Any CPU
		{93F09A15-919E-43B1-98EC-BEB7A4495CCD}.Release|Any CPU.ActiveCfg = Release|Any CPU
		{93F09A15-919E-43B1-98EC-BEB7A4495CCD}.Release|Any CPU.Build.0 = Release|Any CPU
		{8D9ED44F-332E-4706-AA48-2B0B12ECEA2F}.Debug|Any CPU.ActiveCfg = Debug|Any CPU
		{8D9ED44F-332E-4706-AA48-2B0B12ECEA2F}.Debug|Any CPU.Build.0 = Debug|Any CPU
		{8D9ED44F-332E-4706-AA48-2B0B12ECEA2F}.Release|Any CPU.ActiveCfg = Release|Any CPU
		{8D9ED44F-332E-4706-AA48-2B0B12ECEA2F}.Release|Any CPU.Build.0 = Release|Any CPU
	EndGlobalSection
	GlobalSection(SolutionProperties) = preSolution
		HideSolutionNode = FALSE
	EndGlobalSection
	GlobalSection(ExtensibilityGlobals) = postSolution
		SolutionGuid = {F81F5941-9BA7-4284-B8A3-1459E23E7051}
	EndGlobalSection
EndGlobal
